
Microsoft Visual Studio Solution File, Format Version 12.00
# Visual Studio Version 16
VisualStudioVersion = 16.0.30001.183
MinimumVisualStudioVersion = 10.0.40219.1
Project("{FAE04EC0-301F-11D3-BF4B-00C04F79EFBC}") = "ConvexPolygon", "ConvexPolygon\ConvexPolygon.csproj", "{CE2FBC77-06CE-4F71-9738-AA1C2D74C6A9}"
EndProject
Project("{FAE04EC0-301F-11D3-BF4B-00C04F79EFBC}") = "ConvexHull", "ConvexHull\ConvexHull.csproj", "{96B24B7A-D7B8-44AC-87F1-0C08E28A478B}"
EndProject
Global
	GlobalSection(SolutionConfigurationPlatforms) = preSolution
		Debug|Any CPU = Debug|Any CPU
		Release|Any CPU = Release|Any CPU
	EndGlobalSection
	GlobalSection(ProjectConfigurationPlatforms) = postSolution
		{CE2FBC77-06CE-4F71-9738-AA1C2D74C6A9}.Debug|Any CPU.ActiveCfg = Debug|Any CPU
		{CE2FBC77-06CE-4F71-9738-AA1C2D74C6A9}.Debug|Any CPU.Build.0 = Debug|Any CPU
		{CE2FBC77-06CE-4F71-9738-AA1C2D74C6A9}.Release|Any CPU.ActiveCfg = Release|Any CPU
		{CE2FBC77-06CE-4F71-9738-AA1C2D74C6A9}.Release|Any CPU.Build.0 = Release|Any CPU
		{96B24B7A-D7B8-44AC-87F1-0C08E28A478B}.Debug|Any CPU.ActiveCfg = Debug|Any CPU
		{96B24B7A-D7B8-44AC-87F1-0C08E28A478B}.Debug|Any CPU.Build.0 = Debug|Any CPU
		{96B24B7A-D7B8-44AC-87F1-0C08E28A478B}.Release|Any CPU.ActiveCfg = Release|Any CPU
		{96B24B7A-D7B8-44AC-87F1-0C08E28A478B}.Release|Any CPU.Build.0 = Release|Any CPU
	EndGlobalSection
	GlobalSection(SolutionProperties) = preSolution
		HideSolutionNode = FALSE
	EndGlobalSection
	GlobalSection(ExtensibilityGlobals) = postSolution
		SolutionGuid = {930CD823-32F5-4016-84E9-0810ABA7A503}
	EndGlobalSection
EndGlobal
