
Microsoft Visual Studio Solution File, Format Version 12.00
# Visual Studio Version 16
VisualStudioVersion = 16.0.30028.174
MinimumVisualStudioVersion = 10.0.40219.1
Project("{FAE04EC0-301F-11D3-BF4B-00C04F79EFBC}") = "Diagonal", "Diagonal\Diagonal.csproj", "{0A7A8912-CF8A-4F69-B7F8-554C5FE44CB0}"
EndProject
Project("{FAE04EC0-301F-11D3-BF4B-00C04F79EFBC}") = "Tests", "Tests\Tests.csproj", "{F711CF44-8C4A-4383-9499-54A6E2C4D917}"
EndProject
Project("{FAE04EC0-301F-11D3-BF4B-00C04F79EFBC}") = "NumberOfTriangulations", "NumberOfTriangulations\NumberOfTriangulations.csproj", "{DC83D615-512B-41E1-9446-1B27A3DC1ADE}"
EndProject
Project("{FAE04EC0-301F-11D3-BF4B-00C04F79EFBC}") = "EarCuttingTriangulation", "EarCuttingTriangulation\EarCuttingTriangulation.csproj", "{C9056A12-857B-41A4-AFB9-E8C8E8AADD6B}"
EndProject
Global
	GlobalSection(SolutionConfigurationPlatforms) = preSolution
		Debug|Any CPU = Debug|Any CPU
		Release|Any CPU = Release|Any CPU
	EndGlobalSection
	GlobalSection(ProjectConfigurationPlatforms) = postSolution
		{0A7A8912-CF8A-4F69-B7F8-554C5FE44CB0}.Debug|Any CPU.ActiveCfg = Debug|Any CPU
		{0A7A8912-CF8A-4F69-B7F8-554C5FE44CB0}.Debug|Any CPU.Build.0 = Debug|Any CPU
		{0A7A8912-CF8A-4F69-B7F8-554C5FE44CB0}.Release|Any CPU.ActiveCfg = Release|Any CPU
		{0A7A8912-CF8A-4F69-B7F8-554C5FE44CB0}.Release|Any CPU.Build.0 = Release|Any CPU
		{F711CF44-8C4A-4383-9499-54A6E2C4D917}.Debug|Any CPU.ActiveCfg = Debug|Any CPU
		{F711CF44-8C4A-4383-9499-54A6E2C4D917}.Debug|Any CPU.Build.0 = Debug|Any CPU
		{F711CF44-8C4A-4383-9499-54A6E2C4D917}.Release|Any CPU.ActiveCfg = Release|Any CPU
		{F711CF44-8C4A-4383-9499-54A6E2C4D917}.Release|Any CPU.Build.0 = Release|Any CPU
		{DC83D615-512B-41E1-9446-1B27A3DC1ADE}.Debug|Any CPU.ActiveCfg = Debug|Any CPU
		{DC83D615-512B-41E1-9446-1B27A3DC1ADE}.Debug|Any CPU.Build.0 = Debug|Any CPU
		{DC83D615-512B-41E1-9446-1B27A3DC1ADE}.Release|Any CPU.ActiveCfg = Release|Any CPU
		{DC83D615-512B-41E1-9446-1B27A3DC1ADE}.Release|Any CPU.Build.0 = Release|Any CPU
		{C9056A12-857B-41A4-AFB9-E8C8E8AADD6B}.Debug|Any CPU.ActiveCfg = Debug|Any CPU
		{C9056A12-857B-41A4-AFB9-E8C8E8AADD6B}.Debug|Any CPU.Build.0 = Debug|Any CPU
		{C9056A12-857B-41A4-AFB9-E8C8E8AADD6B}.Release|Any CPU.ActiveCfg = Release|Any CPU
		{C9056A12-857B-41A4-AFB9-E8C8E8AADD6B}.Release|Any CPU.Build.0 = Release|Any CPU
	EndGlobalSection
	GlobalSection(SolutionProperties) = preSolution
		HideSolutionNode = FALSE
	EndGlobalSection
	GlobalSection(ExtensibilityGlobals) = postSolution
		SolutionGuid = {8E563723-74FF-4D6E-96AE-9687A5270E5F}
	EndGlobalSection
EndGlobal
