
Microsoft Visual Studio Solution File, Format Version 12.00
# Visual Studio Version 16
VisualStudioVersion = 16.0.30001.183
MinimumVisualStudioVersion = 10.0.40219.1
Project("{FAE04EC0-301F-11D3-BF4B-00C04F79EFBC}") = "SegmentIntersection", "SegmentIntersection\SegmentIntersection.csproj", "{D9BB8E10-BC8A-4080-BB80-A3026528D936}"
EndProject
Project("{FAE04EC0-301F-11D3-BF4B-00C04F79EFBC}") = "VerticalHorizontalSegments", "VerticalHorizontalSegments\VerticalHorizontalSegments.csproj", "{109BEB7D-F98D-4D2D-9538-80A171ECE8F7}"
EndProject
Project("{FAE04EC0-301F-11D3-BF4B-00C04F79EFBC}") = "SetOfSegments", "SetOfSegments\SetOfSegments.csproj", "{4A4DF965-222D-487D-B91C-D9B98324708C}"
EndProject
Global
	GlobalSection(SolutionConfigurationPlatforms) = preSolution
		Debug|Any CPU = Debug|Any CPU
		Release|Any CPU = Release|Any CPU
	EndGlobalSection
	GlobalSection(ProjectConfigurationPlatforms) = postSolution
		{D9BB8E10-BC8A-4080-BB80-A3026528D936}.Debug|Any CPU.ActiveCfg = Debug|Any CPU
		{D9BB8E10-BC8A-4080-BB80-A3026528D936}.Debug|Any CPU.Build.0 = Debug|Any CPU
		{D9BB8E10-BC8A-4080-BB80-A3026528D936}.Release|Any CPU.ActiveCfg = Release|Any CPU
		{D9BB8E10-BC8A-4080-BB80-A3026528D936}.Release|Any CPU.Build.0 = Release|Any CPU
		{109BEB7D-F98D-4D2D-9538-80A171ECE8F7}.Debug|Any CPU.ActiveCfg = Debug|Any CPU
		{109BEB7D-F98D-4D2D-9538-80A171ECE8F7}.Debug|Any CPU.Build.0 = Debug|Any CPU
		{109BEB7D-F98D-4D2D-9538-80A171ECE8F7}.Release|Any CPU.ActiveCfg = Release|Any CPU
		{109BEB7D-F98D-4D2D-9538-80A171ECE8F7}.Release|Any CPU.Build.0 = Release|Any CPU
		{4A4DF965-222D-487D-B91C-D9B98324708C}.Debug|Any CPU.ActiveCfg = Debug|Any CPU
		{4A4DF965-222D-487D-B91C-D9B98324708C}.Debug|Any CPU.Build.0 = Debug|Any CPU
		{4A4DF965-222D-487D-B91C-D9B98324708C}.Release|Any CPU.ActiveCfg = Release|Any CPU
		{4A4DF965-222D-487D-B91C-D9B98324708C}.Release|Any CPU.Build.0 = Release|Any CPU
	EndGlobalSection
	GlobalSection(SolutionProperties) = preSolution
		HideSolutionNode = FALSE
	EndGlobalSection
	GlobalSection(ExtensibilityGlobals) = postSolution
		SolutionGuid = {CFA32360-E997-4634-BCCF-B4DB74A3ABB9}
	EndGlobalSection
EndGlobal
